// !$*UTF8*$!
{
	archiveVersion = 1;
	classes = {
	};
	objectVersion = 46;
	objects = {

/* Begin PBXBuildFile section */
		0712955414612E8500B58F32 /* UIKit.framework in Frameworks */ = {isa = PBXBuildFile; fileRef = 0712955314612E8500B58F32 /* UIKit.framework */; };
		0712955614612E8500B58F32 /* Foundation.framework in Frameworks */ = {isa = PBXBuildFile; fileRef = 0712955514612E8500B58F32 /* Foundation.framework */; };
		0712955814612E8500B58F32 /* CoreGraphics.framework in Frameworks */ = {isa = PBXBuildFile; fileRef = 0712955714612E8500B58F32 /* CoreGraphics.framework */; };
		0712955E14612E8500B58F32 /* InfoPlist.strings in Resources */ = {isa = PBXBuildFile; fileRef = 0712955C14612E8500B58F32 /* InfoPlist.strings */; };
		0712956014612E8500B58F32 /* main.m in Sources */ = {isa = PBXBuildFile; fileRef = 0712955F14612E8500B58F32 /* main.m */; };
		0712956414612E8500B58F32 /* AppDelegate.m in Sources */ = {isa = PBXBuildFile; fileRef = 0712956314612E8500B58F32 /* AppDelegate.m */; };
		0712956714612E8500B58F32 /* ViewController.m in Sources */ = {isa = PBXBuildFile; fileRef = 0712956614612E8500B58F32 /* ViewController.m */; };
		0712956A14612E8500B58F32 /* ViewController.xib in Resources */ = {isa = PBXBuildFile; fileRef = 0712956814612E8500B58F32 /* ViewController.xib */; };
/* End PBXBuildFile section */

/* Begin PBXFileReference section */
		0712954F14612E8500B58F32 /* BlocksAsArguments.app */ = {isa = PBXFileReference; explicitFileType = wrapper.application; includeInIndex = 0; path = BlocksAsArguments.app; sourceTree = BUILT_PRODUCTS_DIR; };
		0712955314612E8500B58F32 /* UIKit.framework */ = {isa = PBXFileReference; lastKnownFileType = wrapper.framework; name = UIKit.framework; path = System/Library/Frameworks/UIKit.framework; sourceTree = SDKROOT; };
		0712955514612E8500B58F32 /* Foundation.framework */ = {isa = PBXFileReference; lastKnownFileType = wrapper.framework; name = Foundation.framework; path = System/Library/Frameworks/Foundation.framework; sourceTree = SDKROOT; };
		0712955714612E8500B58F32 /* CoreGraphics.framework */ = {isa = PBXFileReference; lastKnownFileType = wrapper.framework; name = CoreGraphics.framework; path = System/Library/Frameworks/CoreGraphics.framework; sourceTree = SDKROOT; };
		0712955B14612E8500B58F32 /* BlocksAsArguments-Info.plist */ = {isa = PBXFileReference; lastKnownFileType = text.plist.xml; path = "BlocksAsArguments-Info.plist"; sourceTree = "<group>"; };
		0712955D14612E8500B58F32 /* en */ = {isa = PBXFileReference; lastKnownFileType = text.plist.strings; name = en; path = en.lproj/InfoPlist.strings; sourceTree = "<group>"; };
		0712955F14612E8500B58F32 /* main.m */ = {isa = PBXFileReference; lastKnownFileType = sourcecode.c.objc; path = main.m; sourceTree = "<group>"; };
		0712956114612E8500B58F32 /* BlocksAsArguments-Prefix.pch */ = {isa = PBXFileReference; lastKnownFileType = sourcecode.c.h; path = "BlocksAsArguments-Prefix.pch"; sourceTree = "<group>"; };
		0712956214612E8500B58F32 /* AppDelegate.h */ = {isa = PBXFileReference; lastKnownFileType = sourcecode.c.h; path = AppDelegate.h; sourceTree = "<group>"; };
		0712956314612E8500B58F32 /* AppDelegate.m */ = {isa = PBXFileReference; lastKnownFileType = sourcecode.c.objc; path = AppDelegate.m; sourceTree = "<group>"; };
		0712956514612E8500B58F32 /* ViewController.h */ = {isa = PBXFileReference; lastKnownFileType = sourcecode.c.h; path = ViewController.h; sourceTree = "<group>"; };
		0712956614612E8500B58F32 /* ViewController.m */ = {isa = PBXFileReference; lastKnownFileType = sourcecode.c.objc; path = ViewController.m; sourceTree = "<group>"; };
		0712956914612E8500B58F32 /* en */ = {isa = PBXFileReference; lastKnownFileType = file.xib; name = en; path = en.lproj/ViewController.xib; sourceTree = "<group>"; };
/* End PBXFileReference section */

/* Begin PBXFrameworksBuildPhase section */
		0712954C14612E8500B58F32 /* Frameworks */ = {
			isa = PBXFrameworksBuildPhase;
			buildActionMask = 2147483647;
			files = (
				0712955414612E8500B58F32 /* UIKit.framework in Frameworks */,
				0712955614612E8500B58F32 /* Foundation.framework in Frameworks */,
				0712955814612E8500B58F32 /* CoreGraphics.framework in Frameworks */,
			);
			runOnlyForDeploymentPostprocessing = 0;
		};
/* End PBXFrameworksBuildPhase section */

/* Begin PBXGroup section */
		0712954414612E8400B58F32 = {
			isa = PBXGroup;
			children = (
				0712955914612E8500B58F32 /* BlocksAsArguments */,
				0712955214612E8500B58F32 /* Frameworks */,
				0712955014612E8500B58F32 /* Products */,
			);
			sourceTree = "<group>";
		};
		0712955014612E8500B58F32 /* Products */ = {
			isa = PBXGroup;
			children = (
				0712954F14612E8500B58F32 /* BlocksAsArguments.app */,
			);
			name = Products;
			sourceTree = "<group>";
		};
		0712955214612E8500B58F32 /* Frameworks */ = {
			isa = PBXGroup;
			children = (
				0712955314612E8500B58F32 /* UIKit.framework */,
				0712955514612E8500B58F32 /* Foundation.framework */,
				0712955714612E8500B58F32 /* CoreGraphics.framework */,
			);
			name = Frameworks;
			sourceTree = "<group>";
		};
		0712955914612E8500B58F32 /* BlocksAsArguments */ = {
			isa = PBXGroup;
			children = (
				0712956214612E8500B58F32 /* AppDelegate.h */,
				0712956314612E8500B58F32 /* AppDelegate.m */,
				0712956514612E8500B58F32 /* ViewController.h */,
				0712956614612E8500B58F32 /* ViewController.m */,
				0712956814612E8500B58F32 /* ViewController.xib */,
				0712955A14612E8500B58F32 /* Supporting Files */,
			);
			path = BlocksAsArguments;
			sourceTree = "<group>";
		};
		0712955A14612E8500B58F32 /* Supporting Files */ = {
			isa = PBXGroup;
			children = (
				0712955B14612E8500B58F32 /* BlocksAsArguments-Info.plist */,
				0712955C14612E8500B58F32 /* InfoPlist.strings */,
				0712955F14612E8500B58F32 /* main.m */,
				0712956114612E8500B58F32 /* BlocksAsArguments-Prefix.pch */,
			);
			name = "Supporting Files";
			sourceTree = "<group>";
		};
/* End PBXGroup section */

/* Begin PBXNativeTarget section */
		0712954E14612E8500B58F32 /* BlocksAsArguments */ = {
			isa = PBXNativeTarget;
			buildConfigurationList = 0712956D14612E8500B58F32 /* Build configuration list for PBXNativeTarget "BlocksAsArguments" */;
			buildPhases = (
				0712954B14612E8500B58F32 /* Sources */,
				0712954C14612E8500B58F32 /* Frameworks */,
				0712954D14612E8500B58F32 /* Resources */,
			);
			buildRules = (
			);
			dependencies = (
			);
			name = BlocksAsArguments;
			productName = BlocksAsArguments;
			productReference = 0712954F14612E8500B58F32 /* BlocksAsArguments.app */;
			productType = "com.apple.product-type.application";
		};
/* End PBXNativeTarget section */

/* Begin PBXProject section */
		0712954614612E8400B58F32 /* Project object */ = {
			isa = PBXProject;
			attributes = {
				LastUpgradeCheck = 0420;
			};
			buildConfigurationList = 0712954914612E8400B58F32 /* Build configuration list for PBXProject "BlocksAsArguments" */;
			compatibilityVersion = "Xcode 3.2";
			developmentRegion = English;
			hasScannedForEncodings = 0;
			knownRegions = (
				en,
			);
			mainGroup = 0712954414612E8400B58F32;
			productRefGroup = 0712955014612E8500B58F32 /* Products */;
			projectDirPath = "";
			projectRoot = "";
			targets = (
				0712954E14612E8500B58F32 /* BlocksAsArguments */,
			);
		};
/* End PBXProject section */

/* Begin PBXResourcesBuildPhase section */
		0712954D14612E8500B58F32 /* Resources */ = {
			isa = PBXResourcesBuildPhase;
			buildActionMask = 2147483647;
			files = (
				0712955E14612E8500B58F32 /* InfoPlist.strings in Resources */,
				0712956A14612E8500B58F32 /* ViewController.xib in Resources */,
			);
			runOnlyForDeploymentPostprocessing = 0;
		};
/* End PBXResourcesBuildPhase section */

/* Begin PBXSourcesBuildPhase section */
		0712954B14612E8500B58F32 /* Sources */ = {
			isa = PBXSourcesBuildPhase;
			buildActionMask = 2147483647;
			files = (
				0712956014612E8500B58F32 /* main.m in Sources */,
				0712956414612E8500B58F32 /* AppDelegate.m in Sources */,
				0712956714612E8500B58F32 /* ViewController.m in Sources */,
			);
			runOnlyForDeploymentPostprocessing = 0;
		};
/* End PBXSourcesBuildPhase section */

/* Begin PBXVariantGroup section */
		0712955C14612E8500B58F32 /* InfoPlist.strings */ = {
			isa = PBXVariantGroup;
			children = (
				0712955D14612E8500B58F32 /* en */,
			);
			name = InfoPlist.strings;
			sourceTree = "<group>";
		};
		0712956814612E8500B58F32 /* ViewController.xib */ = {
			isa = PBXVariantGroup;
			children = (
				0712956914612E8500B58F32 /* en */,
			);
			name = ViewController.xib;
			sourceTree = "<group>";
		};
/* End PBXVariantGroup section */

/* Begin XCBuildConfiguration section */
		0712956B14612E8500B58F32 /* Debug */ = {
			isa = XCBuildConfiguration;
			buildSettings = {
				ALWAYS_SEARCH_USER_PATHS = NO;
				ARCHS = "$(ARCHS_STANDARD_32_BIT)";
				"CODE_SIGN_IDENTITY[sdk=iphoneos*]" = "iPhone Developer";
				COPY_PHASE_STRIP = NO;
				GCC_C_LANGUAGE_STANDARD = gnu99;
				GCC_DYNAMIC_NO_PIC = NO;
				GCC_OPTIMIZATION_LEVEL = 0;
				GCC_PREPROCESSOR_DEFINITIONS = (
					"DEBUG=1",
					"$(inherited)",
				);
				GCC_SYMBOLS_PRIVATE_EXTERN = NO;
				GCC_VERSION = com.apple.compilers.llvm.clang.1_0;
				GCC_WARN_ABOUT_MISSING_PROTOTYPES = YES;
				GCC_WARN_ABOUT_RETURN_TYPE = YES;
				GCC_WARN_UNUSED_VARIABLE = YES;
				IPHONEOS_DEPLOYMENT_TARGET = 5.0;
				SDKROOT = iphoneos;
			};
			name = Debug;
		};
		0712956C14612E8500B58F32 /* Release */ = {
			isa = XCBuildConfiguration;
			buildSettings = {
				ALWAYS_SEARCH_USER_PATHS = NO;
				ARCHS = "$(ARCHS_STANDARD_32_BIT)";
				"CODE_SIGN_IDENTITY[sdk=iphoneos*]" = "iPhone Developer";
				COPY_PHASE_STRIP = YES;
				GCC_C_LANGUAGE_STANDARD = gnu99;
				GCC_VERSION = com.apple.compilers.llvm.clang.1_0;
				GCC_WARN_ABOUT_MISSING_PROTOTYPES = YES;
				GCC_WARN_ABOUT_RETURN_TYPE = YES;
				GCC_WARN_UNUSED_VARIABLE = YES;
				IPHONEOS_DEPLOYMENT_TARGET = 5.0;
				OTHER_CFLAGS = "-DNS_BLOCK_ASSERTIONS=1";
				SDKROOT = iphoneos;
				VALIDATE_PRODUCT = YES;
			};
			name = Release;
		};
		0712956E14612E8500B58F32 /* Debug */ = {
			isa = XCBuildConfiguration;
			buildSettings = {
				GCC_PRECOMPILE_PREFIX_HEADER = YES;
				GCC_PREFIX_HEADER = "BlocksAsArguments/BlocksAsArguments-Prefix.pch";
				INFOPLIST_FILE = "BlocksAsArguments/BlocksAsArguments-Info.plist";
				PRODUCT_NAME = "$(TARGET_NAME)";
				WRAPPER_EXTENSION = app;
			};
			name = Debug;
		};
		0712956F14612E8500B58F32 /* Release */ = {
			isa = XCBuildConfiguration;
			buildSettings = {
				GCC_PRECOMPILE_PREFIX_HEADER = YES;
				GCC_PREFIX_HEADER = "BlocksAsArguments/BlocksAsArguments-Prefix.pch";
				INFOPLIST_FILE = "BlocksAsArguments/BlocksAsArguments-Info.plist";
				PRODUCT_NAME = "$(TARGET_NAME)";
				WRAPPER_EXTENSION = app;
			};
			name = Release;
		};
/* End XCBuildConfiguration section */

/* Begin XCConfigurationList section */
		0712954914612E8400B58F32 /* Build configuration list for PBXProject "BlocksAsArguments" */ = {
			isa = XCConfigurationList;
			buildConfigurations = (
				0712956B14612E8500B58F32 /* Debug */,
				0712956C14612E8500B58F32 /* Release */,
			);
			defaultConfigurationIsVisible = 0;
			defaultConfigurationName = Release;
		};
		0712956D14612E8500B58F32 /* Build configuration list for PBXNativeTarget "BlocksAsArguments" */ = {
			isa = XCConfigurationList;
			buildConfigurations = (
				0712956E14612E8500B58F32 /* Debug */,
				0712956F14612E8500B58F32 /* Release */,
			);
			defaultConfigurationIsVisible = 0;
		};
/* End XCConfigurationList section */
	};
	rootObject = 0712954614612E8400B58F32 /* Project object */;
}
