// !$*UTF8*$!
{
	archiveVersion = 1;
	classes = {
	};
	objectVersion = 46;
	objects = {

/* Begin PBXBuildFile section */
		079CEA69146A8B0D00350976 /* UIKit.framework in Frameworks */ = {isa = PBXBuildFile; fileRef = 079CEA68146A8B0D00350976 /* UIKit.framework */; };
		079CEA6B146A8B0D00350976 /* Foundation.framework in Frameworks */ = {isa = PBXBuildFile; fileRef = 079CEA6A146A8B0D00350976 /* Foundation.framework */; };
		079CEA6D146A8B0D00350976 /* CoreGraphics.framework in Frameworks */ = {isa = PBXBuildFile; fileRef = 079CEA6C146A8B0D00350976 /* CoreGraphics.framework */; };
		079CEA73146A8B0D00350976 /* InfoPlist.strings in Resources */ = {isa = PBXBuildFile; fileRef = 079CEA71146A8B0D00350976 /* InfoPlist.strings */; };
		079CEA75146A8B0D00350976 /* main.m in Sources */ = {isa = PBXBuildFile; fileRef = 079CEA74146A8B0D00350976 /* main.m */; };
		079CEA79146A8B0D00350976 /* AppDelegate.m in Sources */ = {isa = PBXBuildFile; fileRef = 079CEA78146A8B0D00350976 /* AppDelegate.m */; };
		079CEA84146A8B4500350976 /* cancel_button_image.png in Resources */ = {isa = PBXBuildFile; fileRef = 079CEA81146A8B4500350976 /* cancel_button_image.png */; };
		079CEA85146A8B4500350976 /* save_button_image.png in Resources */ = {isa = PBXBuildFile; fileRef = 079CEA82146A8B4500350976 /* save_button_image.png */; };
		079CEA86146A8B4500350976 /* splat.png in Resources */ = {isa = PBXBuildFile; fileRef = 079CEA83146A8B4500350976 /* splat.png */; };
		079CEA8A146A8B4F00350976 /* ModalViewController.m in Sources */ = {isa = PBXBuildFile; fileRef = 079CEA88146A8B4F00350976 /* ModalViewController.m */; };
		079CEA8B146A8B4F00350976 /* ModalViewController.xib in Resources */ = {isa = PBXBuildFile; fileRef = 079CEA89146A8B4F00350976 /* ModalViewController.xib */; };
		079CEA8E146A8B7B00350976 /* MainViewController.m in Sources */ = {isa = PBXBuildFile; fileRef = 079CEA8D146A8B7B00350976 /* MainViewController.m */; };
		079CEA90146A8B9200350976 /* MainViewController.xib in Resources */ = {isa = PBXBuildFile; fileRef = 079CEA8F146A8B9200350976 /* MainViewController.xib */; };
/* End PBXBuildFile section */

/* Begin PBXFileReference section */
		079CEA64146A8B0D00350976 /* CallBackBlock.app */ = {isa = PBXFileReference; explicitFileType = wrapper.application; includeInIndex = 0; path = CallBackBlock.app; sourceTree = BUILT_PRODUCTS_DIR; };
		079CEA68146A8B0D00350976 /* UIKit.framework */ = {isa = PBXFileReference; lastKnownFileType = wrapper.framework; name = UIKit.framework; path = System/Library/Frameworks/UIKit.framework; sourceTree = SDKROOT; };
		079CEA6A146A8B0D00350976 /* Foundation.framework */ = {isa = PBXFileReference; lastKnownFileType = wrapper.framework; name = Foundation.framework; path = System/Library/Frameworks/Foundation.framework; sourceTree = SDKROOT; };
		079CEA6C146A8B0D00350976 /* CoreGraphics.framework */ = {isa = PBXFileReference; lastKnownFileType = wrapper.framework; name = CoreGraphics.framework; path = System/Library/Frameworks/CoreGraphics.framework; sourceTree = SDKROOT; };
		079CEA70146A8B0D00350976 /* CallBackBlock-Info.plist */ = {isa = PBXFileReference; lastKnownFileType = text.plist.xml; path = "CallBackBlock-Info.plist"; sourceTree = "<group>"; };
		079CEA72146A8B0D00350976 /* en */ = {isa = PBXFileReference; lastKnownFileType = text.plist.strings; name = en; path = en.lproj/InfoPlist.strings; sourceTree = "<group>"; };
		079CEA74146A8B0D00350976 /* main.m */ = {isa = PBXFileReference; lastKnownFileType = sourcecode.c.objc; path = main.m; sourceTree = "<group>"; };
		079CEA76146A8B0D00350976 /* CallBackBlock-Prefix.pch */ = {isa = PBXFileReference; lastKnownFileType = sourcecode.c.h; path = "CallBackBlock-Prefix.pch"; sourceTree = "<group>"; };
		079CEA77146A8B0D00350976 /* AppDelegate.h */ = {isa = PBXFileReference; lastKnownFileType = sourcecode.c.h; path = AppDelegate.h; sourceTree = "<group>"; };
		079CEA78146A8B0D00350976 /* AppDelegate.m */ = {isa = PBXFileReference; lastKnownFileType = sourcecode.c.objc; path = AppDelegate.m; sourceTree = "<group>"; };
		079CEA81146A8B4500350976 /* cancel_button_image.png */ = {isa = PBXFileReference; lastKnownFileType = image.png; path = cancel_button_image.png; sourceTree = "<group>"; };
		079CEA82146A8B4500350976 /* save_button_image.png */ = {isa = PBXFileReference; lastKnownFileType = image.png; path = save_button_image.png; sourceTree = "<group>"; };
		079CEA83146A8B4500350976 /* splat.png */ = {isa = PBXFileReference; lastKnownFileType = image.png; path = splat.png; sourceTree = "<group>"; };
		079CEA87146A8B4F00350976 /* ModalViewController.h */ = {isa = PBXFileReference; fileEncoding = 4; lastKnownFileType = sourcecode.c.h; path = ModalViewController.h; sourceTree = "<group>"; };
		079CEA88146A8B4F00350976 /* ModalViewController.m */ = {isa = PBXFileReference; fileEncoding = 4; lastKnownFileType = sourcecode.c.objc; path = ModalViewController.m; sourceTree = "<group>"; };
		079CEA89146A8B4F00350976 /* ModalViewController.xib */ = {isa = PBXFileReference; fileEncoding = 4; lastKnownFileType = file.xib; path = ModalViewController.xib; sourceTree = "<group>"; };
		079CEA8C146A8B7B00350976 /* MainViewController.h */ = {isa = PBXFileReference; fileEncoding = 4; path = MainViewController.h; sourceTree = "<group>"; };
		079CEA8D146A8B7B00350976 /* MainViewController.m */ = {isa = PBXFileReference; fileEncoding = 4; lastKnownFileType = sourcecode.c.objc; path = MainViewController.m; sourceTree = "<group>"; };
		079CEA8F146A8B9200350976 /* MainViewController.xib */ = {isa = PBXFileReference; fileEncoding = 4; lastKnownFileType = file.xib; path = MainViewController.xib; sourceTree = "<group>"; };
/* End PBXFileReference section */

/* Begin PBXFrameworksBuildPhase section */
		079CEA61146A8B0D00350976 /* Frameworks */ = {
			isa = PBXFrameworksBuildPhase;
			buildActionMask = 2147483647;
			files = (
				079CEA69146A8B0D00350976 /* UIKit.framework in Frameworks */,
				079CEA6B146A8B0D00350976 /* Foundation.framework in Frameworks */,
				079CEA6D146A8B0D00350976 /* CoreGraphics.framework in Frameworks */,
			);
			runOnlyForDeploymentPostprocessing = 0;
		};
/* End PBXFrameworksBuildPhase section */

/* Begin PBXGroup section */
		079CEA59146A8B0D00350976 = {
			isa = PBXGroup;
			children = (
				079CEA6E146A8B0D00350976 /* CallBackBlock */,
				079CEA67146A8B0D00350976 /* Frameworks */,
				079CEA65146A8B0D00350976 /* Products */,
			);
			sourceTree = "<group>";
		};
		079CEA65146A8B0D00350976 /* Products */ = {
			isa = PBXGroup;
			children = (
				079CEA64146A8B0D00350976 /* CallBackBlock.app */,
			);
			name = Products;
			sourceTree = "<group>";
		};
		079CEA67146A8B0D00350976 /* Frameworks */ = {
			isa = PBXGroup;
			children = (
				079CEA68146A8B0D00350976 /* UIKit.framework */,
				079CEA6A146A8B0D00350976 /* Foundation.framework */,
				079CEA6C146A8B0D00350976 /* CoreGraphics.framework */,
			);
			name = Frameworks;
			sourceTree = "<group>";
		};
		079CEA6E146A8B0D00350976 /* CallBackBlock */ = {
			isa = PBXGroup;
			children = (
				079CEA80146A8B2100350976 /* Root ViewController */,
				079CEA7F146A8B1500350976 /* Modal ViewController */,
				079CEA77146A8B0D00350976 /* AppDelegate.h */,
				079CEA78146A8B0D00350976 /* AppDelegate.m */,
				079CEA6F146A8B0D00350976 /* Supporting Files */,
			);
			path = CallBackBlock;
			sourceTree = "<group>";
		};
		079CEA6F146A8B0D00350976 /* Supporting Files */ = {
			isa = PBXGroup;
			children = (
				079CEA81146A8B4500350976 /* cancel_button_image.png */,
				079CEA82146A8B4500350976 /* save_button_image.png */,
				079CEA83146A8B4500350976 /* splat.png */,
				079CEA70146A8B0D00350976 /* CallBackBlock-Info.plist */,
				079CEA71146A8B0D00350976 /* InfoPlist.strings */,
				079CEA74146A8B0D00350976 /* main.m */,
				079CEA76146A8B0D00350976 /* CallBackBlock-Prefix.pch */,
			);
			name = "Supporting Files";
			sourceTree = "<group>";
		};
		079CEA7F146A8B1500350976 /* Modal ViewController */ = {
			isa = PBXGroup;
			children = (
				079CEA87146A8B4F00350976 /* ModalViewController.h */,
				079CEA88146A8B4F00350976 /* ModalViewController.m */,
				079CEA89146A8B4F00350976 /* ModalViewController.xib */,
			);
			name = "Modal ViewController";
			sourceTree = "<group>";
		};
		079CEA80146A8B2100350976 /* Root ViewController */ = {
			isa = PBXGroup;
			children = (
				079CEA8C146A8B7B00350976 /* MainViewController.h */,
				079CEA8D146A8B7B00350976 /* MainViewController.m */,
				079CEA8F146A8B9200350976 /* MainViewController.xib */,
			);
			name = "Root ViewController";
			sourceTree = "<group>";
		};
/* End PBXGroup section */

/* Begin PBXNativeTarget section */
		079CEA63146A8B0D00350976 /* CallBackBlock */ = {
			isa = PBXNativeTarget;
			buildConfigurationList = 079CEA7C146A8B0D00350976 /* Build configuration list for PBXNativeTarget "CallBackBlock" */;
			buildPhases = (
				079CEA60146A8B0D00350976 /* Sources */,
				079CEA61146A8B0D00350976 /* Frameworks */,
				079CEA62146A8B0D00350976 /* Resources */,
			);
			buildRules = (
			);
			dependencies = (
			);
			name = CallBackBlock;
			productName = CallBackBlock;
			productReference = 079CEA64146A8B0D00350976 /* CallBackBlock.app */;
			productType = "com.apple.product-type.application";
		};
/* End PBXNativeTarget section */

/* Begin PBXProject section */
		079CEA5B146A8B0D00350976 /* Project object */ = {
			isa = PBXProject;
			attributes = {
				LastUpgradeCheck = 0420;
			};
			buildConfigurationList = 079CEA5E146A8B0D00350976 /* Build configuration list for PBXProject "CallBackBlock" */;
			compatibilityVersion = "Xcode 3.2";
			developmentRegion = English;
			hasScannedForEncodings = 0;
			knownRegions = (
				en,
			);
			mainGroup = 079CEA59146A8B0D00350976;
			productRefGroup = 079CEA65146A8B0D00350976 /* Products */;
			projectDirPath = "";
			projectRoot = "";
			targets = (
				079CEA63146A8B0D00350976 /* CallBackBlock */,
			);
		};
/* End PBXProject section */

/* Begin PBXResourcesBuildPhase section */
		079CEA62146A8B0D00350976 /* Resources */ = {
			isa = PBXResourcesBuildPhase;
			buildActionMask = 2147483647;
			files = (
				079CEA73146A8B0D00350976 /* InfoPlist.strings in Resources */,
				079CEA84146A8B4500350976 /* cancel_button_image.png in Resources */,
				079CEA85146A8B4500350976 /* save_button_image.png in Resources */,
				079CEA86146A8B4500350976 /* splat.png in Resources */,
				079CEA8B146A8B4F00350976 /* ModalViewController.xib in Resources */,
				079CEA90146A8B9200350976 /* MainViewController.xib in Resources */,
			);
			runOnlyForDeploymentPostprocessing = 0;
		};
/* End PBXResourcesBuildPhase section */

/* Begin PBXSourcesBuildPhase section */
		079CEA60146A8B0D00350976 /* Sources */ = {
			isa = PBXSourcesBuildPhase;
			buildActionMask = 2147483647;
			files = (
				079CEA75146A8B0D00350976 /* main.m in Sources */,
				079CEA79146A8B0D00350976 /* AppDelegate.m in Sources */,
				079CEA8A146A8B4F00350976 /* ModalViewController.m in Sources */,
				079CEA8E146A8B7B00350976 /* MainViewController.m in Sources */,
			);
			runOnlyForDeploymentPostprocessing = 0;
		};
/* End PBXSourcesBuildPhase section */

/* Begin PBXVariantGroup section */
		079CEA71146A8B0D00350976 /* InfoPlist.strings */ = {
			isa = PBXVariantGroup;
			children = (
				079CEA72146A8B0D00350976 /* en */,
			);
			name = InfoPlist.strings;
			sourceTree = "<group>";
		};
/* End PBXVariantGroup section */

/* Begin XCBuildConfiguration section */
		079CEA7A146A8B0D00350976 /* Debug */ = {
			isa = XCBuildConfiguration;
			buildSettings = {
				ALWAYS_SEARCH_USER_PATHS = NO;
				ARCHS = "$(ARCHS_STANDARD_32_BIT)";
				"CODE_SIGN_IDENTITY[sdk=iphoneos*]" = "iPhone Developer";
				COPY_PHASE_STRIP = NO;
				GCC_C_LANGUAGE_STANDARD = gnu99;
				GCC_DYNAMIC_NO_PIC = NO;
				GCC_OPTIMIZATION_LEVEL = 0;
				GCC_PREPROCESSOR_DEFINITIONS = (
					"DEBUG=1",
					"$(inherited)",
				);
				GCC_SYMBOLS_PRIVATE_EXTERN = NO;
				GCC_VERSION = com.apple.compilers.llvm.clang.1_0;
				GCC_WARN_ABOUT_MISSING_PROTOTYPES = YES;
				GCC_WARN_ABOUT_RETURN_TYPE = YES;
				GCC_WARN_UNUSED_VARIABLE = YES;
				IPHONEOS_DEPLOYMENT_TARGET = 5.0;
				SDKROOT = iphoneos;
			};
			name = Debug;
		};
		079CEA7B146A8B0D00350976 /* Release */ = {
			isa = XCBuildConfiguration;
			buildSettings = {
				ALWAYS_SEARCH_USER_PATHS = NO;
				ARCHS = "$(ARCHS_STANDARD_32_BIT)";
				"CODE_SIGN_IDENTITY[sdk=iphoneos*]" = "iPhone Developer";
				COPY_PHASE_STRIP = YES;
				GCC_C_LANGUAGE_STANDARD = gnu99;
				GCC_VERSION = com.apple.compilers.llvm.clang.1_0;
				GCC_WARN_ABOUT_MISSING_PROTOTYPES = YES;
				GCC_WARN_ABOUT_RETURN_TYPE = YES;
				GCC_WARN_UNUSED_VARIABLE = YES;
				IPHONEOS_DEPLOYMENT_TARGET = 5.0;
				OTHER_CFLAGS = "-DNS_BLOCK_ASSERTIONS=1";
				SDKROOT = iphoneos;
				VALIDATE_PRODUCT = YES;
			};
			name = Release;
		};
		079CEA7D146A8B0D00350976 /* Debug */ = {
			isa = XCBuildConfiguration;
			buildSettings = {
				GCC_PRECOMPILE_PREFIX_HEADER = YES;
				GCC_PREFIX_HEADER = "CallBackBlock/CallBackBlock-Prefix.pch";
				INFOPLIST_FILE = "CallBackBlock/CallBackBlock-Info.plist";
				PRODUCT_NAME = "$(TARGET_NAME)";
				WRAPPER_EXTENSION = app;
			};
			name = Debug;
		};
		079CEA7E146A8B0D00350976 /* Release */ = {
			isa = XCBuildConfiguration;
			buildSettings = {
				GCC_PRECOMPILE_PREFIX_HEADER = YES;
				GCC_PREFIX_HEADER = "CallBackBlock/CallBackBlock-Prefix.pch";
				INFOPLIST_FILE = "CallBackBlock/CallBackBlock-Info.plist";
				PRODUCT_NAME = "$(TARGET_NAME)";
				WRAPPER_EXTENSION = app;
			};
			name = Release;
		};
/* End XCBuildConfiguration section */

/* Begin XCConfigurationList section */
		079CEA5E146A8B0D00350976 /* Build configuration list for PBXProject "CallBackBlock" */ = {
			isa = XCConfigurationList;
			buildConfigurations = (
				079CEA7A146A8B0D00350976 /* Debug */,
				079CEA7B146A8B0D00350976 /* Release */,
			);
			defaultConfigurationIsVisible = 0;
			defaultConfigurationName = Release;
		};
		079CEA7C146A8B0D00350976 /* Build configuration list for PBXNativeTarget "CallBackBlock" */ = {
			isa = XCConfigurationList;
			buildConfigurations = (
				079CEA7D146A8B0D00350976 /* Debug */,
				079CEA7E146A8B0D00350976 /* Release */,
			);
			defaultConfigurationIsVisible = 0;
			defaultConfigurationName = Release;
		};
/* End XCConfigurationList section */
	};
	rootObject = 079CEA5B146A8B0D00350976 /* Project object */;
}
