// !$*UTF8*$!
{
	archiveVersion = 1;
	classes = {
	};
	objectVersion = 46;
	objects = {

/* Begin PBXBuildFile section */
		07908C79144F63240046AFCD /* UIKit.framework in Frameworks */ = {isa = PBXBuildFile; fileRef = 07908C78144F63240046AFCD /* UIKit.framework */; };
		07908C7B144F63240046AFCD /* Foundation.framework in Frameworks */ = {isa = PBXBuildFile; fileRef = 07908C7A144F63240046AFCD /* Foundation.framework */; };
		07908C7D144F63240046AFCD /* CoreGraphics.framework in Frameworks */ = {isa = PBXBuildFile; fileRef = 07908C7C144F63240046AFCD /* CoreGraphics.framework */; };
		07908C83144F63240046AFCD /* InfoPlist.strings in Resources */ = {isa = PBXBuildFile; fileRef = 07908C81144F63240046AFCD /* InfoPlist.strings */; };
		07908C85144F63240046AFCD /* main.m in Sources */ = {isa = PBXBuildFile; fileRef = 07908C84144F63240046AFCD /* main.m */; };
		07908C89144F63240046AFCD /* AppDelegate.m in Sources */ = {isa = PBXBuildFile; fileRef = 07908C88144F63240046AFCD /* AppDelegate.m */; };
		07908C95144F63490046AFCD /* ViewController1.m in Sources */ = {isa = PBXBuildFile; fileRef = 07908C90144F63490046AFCD /* ViewController1.m */; };
		07908C96144F63490046AFCD /* ViewController1.xib in Resources */ = {isa = PBXBuildFile; fileRef = 07908C91144F63490046AFCD /* ViewController1.xib */; };
		07908C97144F63490046AFCD /* ViewController2.m in Sources */ = {isa = PBXBuildFile; fileRef = 07908C93144F63490046AFCD /* ViewController2.m */; };
		07908C98144F63490046AFCD /* ViewController2.xib in Resources */ = {isa = PBXBuildFile; fileRef = 07908C94144F63490046AFCD /* ViewController2.xib */; };
		07908C9B144F63DE0046AFCD /* smeaton.png in Resources */ = {isa = PBXBuildFile; fileRef = 07908C9A144F63DE0046AFCD /* smeaton.png */; };
/* End PBXBuildFile section */

/* Begin PBXFileReference section */
		07908C74144F63240046AFCD /* NavigationControllerSolution.app */ = {isa = PBXFileReference; explicitFileType = wrapper.application; includeInIndex = 0; path = NavigationControllerSolution.app; sourceTree = BUILT_PRODUCTS_DIR; };
		07908C78144F63240046AFCD /* UIKit.framework */ = {isa = PBXFileReference; lastKnownFileType = wrapper.framework; name = UIKit.framework; path = System/Library/Frameworks/UIKit.framework; sourceTree = SDKROOT; };
		07908C7A144F63240046AFCD /* Foundation.framework */ = {isa = PBXFileReference; lastKnownFileType = wrapper.framework; name = Foundation.framework; path = System/Library/Frameworks/Foundation.framework; sourceTree = SDKROOT; };
		07908C7C144F63240046AFCD /* CoreGraphics.framework */ = {isa = PBXFileReference; lastKnownFileType = wrapper.framework; name = CoreGraphics.framework; path = System/Library/Frameworks/CoreGraphics.framework; sourceTree = SDKROOT; };
		07908C80144F63240046AFCD /* NavigationControllerSolution-Info.plist */ = {isa = PBXFileReference; lastKnownFileType = text.plist.xml; path = "NavigationControllerSolution-Info.plist"; sourceTree = "<group>"; };
		07908C82144F63240046AFCD /* en */ = {isa = PBXFileReference; lastKnownFileType = text.plist.strings; name = en; path = en.lproj/InfoPlist.strings; sourceTree = "<group>"; };
		07908C84144F63240046AFCD /* main.m */ = {isa = PBXFileReference; lastKnownFileType = sourcecode.c.objc; path = main.m; sourceTree = "<group>"; };
		07908C86144F63240046AFCD /* NavigationControllerSolution-Prefix.pch */ = {isa = PBXFileReference; lastKnownFileType = sourcecode.c.h; path = "NavigationControllerSolution-Prefix.pch"; sourceTree = "<group>"; };
		07908C87144F63240046AFCD /* AppDelegate.h */ = {isa = PBXFileReference; lastKnownFileType = sourcecode.c.h; path = AppDelegate.h; sourceTree = "<group>"; };
		07908C88144F63240046AFCD /* AppDelegate.m */ = {isa = PBXFileReference; lastKnownFileType = sourcecode.c.objc; path = AppDelegate.m; sourceTree = "<group>"; };
		07908C8F144F63490046AFCD /* ViewController1.h */ = {isa = PBXFileReference; fileEncoding = 4; lastKnownFileType = sourcecode.c.h; path = ViewController1.h; sourceTree = "<group>"; };
		07908C90144F63490046AFCD /* ViewController1.m */ = {isa = PBXFileReference; fileEncoding = 4; lastKnownFileType = sourcecode.c.objc; path = ViewController1.m; sourceTree = "<group>"; };
		07908C91144F63490046AFCD /* ViewController1.xib */ = {isa = PBXFileReference; fileEncoding = 4; lastKnownFileType = file.xib; path = ViewController1.xib; sourceTree = "<group>"; };
		07908C92144F63490046AFCD /* ViewController2.h */ = {isa = PBXFileReference; fileEncoding = 4; lastKnownFileType = sourcecode.c.h; path = ViewController2.h; sourceTree = "<group>"; };
		07908C93144F63490046AFCD /* ViewController2.m */ = {isa = PBXFileReference; fileEncoding = 4; lastKnownFileType = sourcecode.c.objc; path = ViewController2.m; sourceTree = "<group>"; };
		07908C94144F63490046AFCD /* ViewController2.xib */ = {isa = PBXFileReference; fileEncoding = 4; lastKnownFileType = file.xib; path = ViewController2.xib; sourceTree = "<group>"; };
		07908C9A144F63DE0046AFCD /* smeaton.png */ = {isa = PBXFileReference; lastKnownFileType = image.png; path = smeaton.png; sourceTree = "<group>"; };
/* End PBXFileReference section */

/* Begin PBXFrameworksBuildPhase section */
		07908C71144F63240046AFCD /* Frameworks */ = {
			isa = PBXFrameworksBuildPhase;
			buildActionMask = 2147483647;
			files = (
				07908C79144F63240046AFCD /* UIKit.framework in Frameworks */,
				07908C7B144F63240046AFCD /* Foundation.framework in Frameworks */,
				07908C7D144F63240046AFCD /* CoreGraphics.framework in Frameworks */,
			);
			runOnlyForDeploymentPostprocessing = 0;
		};
/* End PBXFrameworksBuildPhase section */

/* Begin PBXGroup section */
		07908C69144F63230046AFCD = {
			isa = PBXGroup;
			children = (
				07908C7E144F63240046AFCD /* NavigationControllerSolution */,
				07908C77144F63240046AFCD /* Frameworks */,
				07908C75144F63240046AFCD /* Products */,
			);
			sourceTree = "<group>";
		};
		07908C75144F63240046AFCD /* Products */ = {
			isa = PBXGroup;
			children = (
				07908C74144F63240046AFCD /* NavigationControllerSolution.app */,
			);
			name = Products;
			sourceTree = "<group>";
		};
		07908C77144F63240046AFCD /* Frameworks */ = {
			isa = PBXGroup;
			children = (
				07908C78144F63240046AFCD /* UIKit.framework */,
				07908C7A144F63240046AFCD /* Foundation.framework */,
				07908C7C144F63240046AFCD /* CoreGraphics.framework */,
			);
			name = Frameworks;
			sourceTree = "<group>";
		};
		07908C7E144F63240046AFCD /* NavigationControllerSolution */ = {
			isa = PBXGroup;
			children = (
				07908C9A144F63DE0046AFCD /* smeaton.png */,
				07908C87144F63240046AFCD /* AppDelegate.h */,
				07908C88144F63240046AFCD /* AppDelegate.m */,
				07908C99144F63580046AFCD /* ViewControllers */,
				07908C7F144F63240046AFCD /* Supporting Files */,
			);
			path = NavigationControllerSolution;
			sourceTree = "<group>";
		};
		07908C7F144F63240046AFCD /* Supporting Files */ = {
			isa = PBXGroup;
			children = (
				07908C80144F63240046AFCD /* NavigationControllerSolution-Info.plist */,
				07908C81144F63240046AFCD /* InfoPlist.strings */,
				07908C84144F63240046AFCD /* main.m */,
				07908C86144F63240046AFCD /* NavigationControllerSolution-Prefix.pch */,
			);
			name = "Supporting Files";
			sourceTree = "<group>";
		};
		07908C99144F63580046AFCD /* ViewControllers */ = {
			isa = PBXGroup;
			children = (
				07908C8F144F63490046AFCD /* ViewController1.h */,
				07908C90144F63490046AFCD /* ViewController1.m */,
				07908C91144F63490046AFCD /* ViewController1.xib */,
				07908C92144F63490046AFCD /* ViewController2.h */,
				07908C93144F63490046AFCD /* ViewController2.m */,
				07908C94144F63490046AFCD /* ViewController2.xib */,
			);
			name = ViewControllers;
			sourceTree = "<group>";
		};
/* End PBXGroup section */

/* Begin PBXNativeTarget section */
		07908C73144F63240046AFCD /* NavigationControllerSolution */ = {
			isa = PBXNativeTarget;
			buildConfigurationList = 07908C8C144F63240046AFCD /* Build configuration list for PBXNativeTarget "NavigationControllerSolution" */;
			buildPhases = (
				07908C70144F63240046AFCD /* Sources */,
				07908C71144F63240046AFCD /* Frameworks */,
				07908C72144F63240046AFCD /* Resources */,
			);
			buildRules = (
			);
			dependencies = (
			);
			name = NavigationControllerSolution;
			productName = NavigationControllerSolution;
			productReference = 07908C74144F63240046AFCD /* NavigationControllerSolution.app */;
			productType = "com.apple.product-type.application";
		};
/* End PBXNativeTarget section */

/* Begin PBXProject section */
		07908C6B144F63230046AFCD /* Project object */ = {
			isa = PBXProject;
			attributes = {
				LastUpgradeCheck = 0420;
			};
			buildConfigurationList = 07908C6E144F63230046AFCD /* Build configuration list for PBXProject "NavigationControllerSolution" */;
			compatibilityVersion = "Xcode 3.2";
			developmentRegion = English;
			hasScannedForEncodings = 0;
			knownRegions = (
				en,
			);
			mainGroup = 07908C69144F63230046AFCD;
			productRefGroup = 07908C75144F63240046AFCD /* Products */;
			projectDirPath = "";
			projectRoot = "";
			targets = (
				07908C73144F63240046AFCD /* NavigationControllerSolution */,
			);
		};
/* End PBXProject section */

/* Begin PBXResourcesBuildPhase section */
		07908C72144F63240046AFCD /* Resources */ = {
			isa = PBXResourcesBuildPhase;
			buildActionMask = 2147483647;
			files = (
				07908C83144F63240046AFCD /* InfoPlist.strings in Resources */,
				07908C96144F63490046AFCD /* ViewController1.xib in Resources */,
				07908C98144F63490046AFCD /* ViewController2.xib in Resources */,
				07908C9B144F63DE0046AFCD /* smeaton.png in Resources */,
			);
			runOnlyForDeploymentPostprocessing = 0;
		};
/* End PBXResourcesBuildPhase section */

/* Begin PBXSourcesBuildPhase section */
		07908C70144F63240046AFCD /* Sources */ = {
			isa = PBXSourcesBuildPhase;
			buildActionMask = 2147483647;
			files = (
				07908C85144F63240046AFCD /* main.m in Sources */,
				07908C89144F63240046AFCD /* AppDelegate.m in Sources */,
				07908C95144F63490046AFCD /* ViewController1.m in Sources */,
				07908C97144F63490046AFCD /* ViewController2.m in Sources */,
			);
			runOnlyForDeploymentPostprocessing = 0;
		};
/* End PBXSourcesBuildPhase section */

/* Begin PBXVariantGroup section */
		07908C81144F63240046AFCD /* InfoPlist.strings */ = {
			isa = PBXVariantGroup;
			children = (
				07908C82144F63240046AFCD /* en */,
			);
			name = InfoPlist.strings;
			sourceTree = "<group>";
		};
/* End PBXVariantGroup section */

/* Begin XCBuildConfiguration section */
		07908C8A144F63240046AFCD /* Debug */ = {
			isa = XCBuildConfiguration;
			buildSettings = {
				ALWAYS_SEARCH_USER_PATHS = NO;
				ARCHS = "$(ARCHS_STANDARD_32_BIT)";
				"CODE_SIGN_IDENTITY[sdk=iphoneos*]" = "iPhone Developer";
				COPY_PHASE_STRIP = NO;
				GCC_C_LANGUAGE_STANDARD = gnu99;
				GCC_DYNAMIC_NO_PIC = NO;
				GCC_OPTIMIZATION_LEVEL = 0;
				GCC_PREPROCESSOR_DEFINITIONS = (
					"DEBUG=1",
					"$(inherited)",
				);
				GCC_SYMBOLS_PRIVATE_EXTERN = NO;
				GCC_VERSION = com.apple.compilers.llvm.clang.1_0;
				GCC_WARN_ABOUT_MISSING_PROTOTYPES = YES;
				GCC_WARN_ABOUT_RETURN_TYPE = YES;
				GCC_WARN_UNUSED_VARIABLE = YES;
				IPHONEOS_DEPLOYMENT_TARGET = 5.0;
				SDKROOT = iphoneos;
			};
			name = Debug;
		};
		07908C8B144F63240046AFCD /* Release */ = {
			isa = XCBuildConfiguration;
			buildSettings = {
				ALWAYS_SEARCH_USER_PATHS = NO;
				ARCHS = "$(ARCHS_STANDARD_32_BIT)";
				"CODE_SIGN_IDENTITY[sdk=iphoneos*]" = "iPhone Developer";
				COPY_PHASE_STRIP = YES;
				GCC_C_LANGUAGE_STANDARD = gnu99;
				GCC_VERSION = com.apple.compilers.llvm.clang.1_0;
				GCC_WARN_ABOUT_MISSING_PROTOTYPES = YES;
				GCC_WARN_ABOUT_RETURN_TYPE = YES;
				GCC_WARN_UNUSED_VARIABLE = YES;
				IPHONEOS_DEPLOYMENT_TARGET = 5.0;
				OTHER_CFLAGS = "-DNS_BLOCK_ASSERTIONS=1";
				SDKROOT = iphoneos;
				VALIDATE_PRODUCT = YES;
			};
			name = Release;
		};
		07908C8D144F63240046AFCD /* Debug */ = {
			isa = XCBuildConfiguration;
			buildSettings = {
				GCC_PRECOMPILE_PREFIX_HEADER = YES;
				GCC_PREFIX_HEADER = "NavigationControllerSolution/NavigationControllerSolution-Prefix.pch";
				INFOPLIST_FILE = "NavigationControllerSolution/NavigationControllerSolution-Info.plist";
				PRODUCT_NAME = "$(TARGET_NAME)";
				WRAPPER_EXTENSION = app;
			};
			name = Debug;
		};
		07908C8E144F63240046AFCD /* Release */ = {
			isa = XCBuildConfiguration;
			buildSettings = {
				GCC_PRECOMPILE_PREFIX_HEADER = YES;
				GCC_PREFIX_HEADER = "NavigationControllerSolution/NavigationControllerSolution-Prefix.pch";
				INFOPLIST_FILE = "NavigationControllerSolution/NavigationControllerSolution-Info.plist";
				PRODUCT_NAME = "$(TARGET_NAME)";
				WRAPPER_EXTENSION = app;
			};
			name = Release;
		};
/* End XCBuildConfiguration section */

/* Begin XCConfigurationList section */
		07908C6E144F63230046AFCD /* Build configuration list for PBXProject "NavigationControllerSolution" */ = {
			isa = XCConfigurationList;
			buildConfigurations = (
				07908C8A144F63240046AFCD /* Debug */,
				07908C8B144F63240046AFCD /* Release */,
			);
			defaultConfigurationIsVisible = 0;
			defaultConfigurationName = Release;
		};
		07908C8C144F63240046AFCD /* Build configuration list for PBXNativeTarget "NavigationControllerSolution" */ = {
			isa = XCConfigurationList;
			buildConfigurations = (
				07908C8D144F63240046AFCD /* Debug */,
				07908C8E144F63240046AFCD /* Release */,
			);
			defaultConfigurationIsVisible = 0;
		};
/* End XCConfigurationList section */
	};
	rootObject = 07908C6B144F63230046AFCD /* Project object */;
}
