// !$*UTF8*$!
{
	archiveVersion = 1;
	classes = {
	};
	objectVersion = 46;
	objects = {

/* Begin PBXBuildFile section */
		072AEA1D1433640C002C87B1 /* UIKit.framework in Frameworks */ = {isa = PBXBuildFile; fileRef = 072AEA1C1433640C002C87B1 /* UIKit.framework */; };
		072AEA1F1433640C002C87B1 /* Foundation.framework in Frameworks */ = {isa = PBXBuildFile; fileRef = 072AEA1E1433640C002C87B1 /* Foundation.framework */; };
		072AEA211433640C002C87B1 /* CoreGraphics.framework in Frameworks */ = {isa = PBXBuildFile; fileRef = 072AEA201433640C002C87B1 /* CoreGraphics.framework */; };
		072AEA271433640C002C87B1 /* InfoPlist.strings in Resources */ = {isa = PBXBuildFile; fileRef = 072AEA251433640C002C87B1 /* InfoPlist.strings */; };
		072AEA291433640C002C87B1 /* main.m in Sources */ = {isa = PBXBuildFile; fileRef = 072AEA281433640C002C87B1 /* main.m */; };
		072AEA2D1433640C002C87B1 /* AppDelegate.m in Sources */ = {isa = PBXBuildFile; fileRef = 072AEA2C1433640C002C87B1 /* AppDelegate.m */; };
		072AEA301433640C002C87B1 /* ViewController.m in Sources */ = {isa = PBXBuildFile; fileRef = 072AEA2F1433640C002C87B1 /* ViewController.m */; };
		072AEA331433640C002C87B1 /* ViewController.xib in Resources */ = {isa = PBXBuildFile; fileRef = 072AEA311433640C002C87B1 /* ViewController.xib */; };
		072AEA3B14336466002C87B1 /* Person.m in Sources */ = {isa = PBXBuildFile; fileRef = 072AEA3A14336466002C87B1 /* Person.m */; };
/* End PBXBuildFile section */

/* Begin PBXFileReference section */
		072AEA181433640C002C87B1 /* PersonDetails.app */ = {isa = PBXFileReference; explicitFileType = wrapper.application; includeInIndex = 0; path = PersonDetails.app; sourceTree = BUILT_PRODUCTS_DIR; };
		072AEA1C1433640C002C87B1 /* UIKit.framework */ = {isa = PBXFileReference; lastKnownFileType = wrapper.framework; name = UIKit.framework; path = System/Library/Frameworks/UIKit.framework; sourceTree = SDKROOT; };
		072AEA1E1433640C002C87B1 /* Foundation.framework */ = {isa = PBXFileReference; lastKnownFileType = wrapper.framework; name = Foundation.framework; path = System/Library/Frameworks/Foundation.framework; sourceTree = SDKROOT; };
		072AEA201433640C002C87B1 /* CoreGraphics.framework */ = {isa = PBXFileReference; lastKnownFileType = wrapper.framework; name = CoreGraphics.framework; path = System/Library/Frameworks/CoreGraphics.framework; sourceTree = SDKROOT; };
		072AEA241433640C002C87B1 /* PersonDetails-Info.plist */ = {isa = PBXFileReference; lastKnownFileType = text.plist.xml; path = "PersonDetails-Info.plist"; sourceTree = "<group>"; };
		072AEA261433640C002C87B1 /* en */ = {isa = PBXFileReference; lastKnownFileType = text.plist.strings; name = en; path = en.lproj/InfoPlist.strings; sourceTree = "<group>"; };
		072AEA281433640C002C87B1 /* main.m */ = {isa = PBXFileReference; lastKnownFileType = sourcecode.c.objc; path = main.m; sourceTree = "<group>"; };
		072AEA2A1433640C002C87B1 /* PersonDetails-Prefix.pch */ = {isa = PBXFileReference; lastKnownFileType = sourcecode.c.h; path = "PersonDetails-Prefix.pch"; sourceTree = "<group>"; };
		072AEA2B1433640C002C87B1 /* AppDelegate.h */ = {isa = PBXFileReference; lastKnownFileType = sourcecode.c.h; path = AppDelegate.h; sourceTree = "<group>"; };
		072AEA2C1433640C002C87B1 /* AppDelegate.m */ = {isa = PBXFileReference; lastKnownFileType = sourcecode.c.objc; path = AppDelegate.m; sourceTree = "<group>"; };
		072AEA2E1433640C002C87B1 /* ViewController.h */ = {isa = PBXFileReference; lastKnownFileType = sourcecode.c.h; path = ViewController.h; sourceTree = "<group>"; };
		072AEA2F1433640C002C87B1 /* ViewController.m */ = {isa = PBXFileReference; lastKnownFileType = sourcecode.c.objc; path = ViewController.m; sourceTree = "<group>"; };
		072AEA321433640C002C87B1 /* en */ = {isa = PBXFileReference; lastKnownFileType = file.xib; name = en; path = en.lproj/ViewController.xib; sourceTree = "<group>"; };
		072AEA3914336466002C87B1 /* Person.h */ = {isa = PBXFileReference; fileEncoding = 4; lastKnownFileType = sourcecode.c.h; path = Person.h; sourceTree = "<group>"; };
		072AEA3A14336466002C87B1 /* Person.m */ = {isa = PBXFileReference; fileEncoding = 4; lastKnownFileType = sourcecode.c.objc; path = Person.m; sourceTree = "<group>"; };
/* End PBXFileReference section */

/* Begin PBXFrameworksBuildPhase section */
		072AEA151433640C002C87B1 /* Frameworks */ = {
			isa = PBXFrameworksBuildPhase;
			buildActionMask = 2147483647;
			files = (
				072AEA1D1433640C002C87B1 /* UIKit.framework in Frameworks */,
				072AEA1F1433640C002C87B1 /* Foundation.framework in Frameworks */,
				072AEA211433640C002C87B1 /* CoreGraphics.framework in Frameworks */,
			);
			runOnlyForDeploymentPostprocessing = 0;
		};
/* End PBXFrameworksBuildPhase section */

/* Begin PBXGroup section */
		072AEA0D1433640C002C87B1 = {
			isa = PBXGroup;
			children = (
				072AEA221433640C002C87B1 /* PersonDetails */,
				072AEA1B1433640C002C87B1 /* Frameworks */,
				072AEA191433640C002C87B1 /* Products */,
			);
			sourceTree = "<group>";
		};
		072AEA191433640C002C87B1 /* Products */ = {
			isa = PBXGroup;
			children = (
				072AEA181433640C002C87B1 /* PersonDetails.app */,
			);
			name = Products;
			sourceTree = "<group>";
		};
		072AEA1B1433640C002C87B1 /* Frameworks */ = {
			isa = PBXGroup;
			children = (
				072AEA1C1433640C002C87B1 /* UIKit.framework */,
				072AEA1E1433640C002C87B1 /* Foundation.framework */,
				072AEA201433640C002C87B1 /* CoreGraphics.framework */,
			);
			name = Frameworks;
			sourceTree = "<group>";
		};
		072AEA221433640C002C87B1 /* PersonDetails */ = {
			isa = PBXGroup;
			children = (
				072AEA2B1433640C002C87B1 /* AppDelegate.h */,
				072AEA2C1433640C002C87B1 /* AppDelegate.m */,
				072AEA2E1433640C002C87B1 /* ViewController.h */,
				072AEA2F1433640C002C87B1 /* ViewController.m */,
				072AEA311433640C002C87B1 /* ViewController.xib */,
				072AEA3914336466002C87B1 /* Person.h */,
				072AEA3A14336466002C87B1 /* Person.m */,
				072AEA231433640C002C87B1 /* Supporting Files */,
			);
			path = PersonDetails;
			sourceTree = "<group>";
		};
		072AEA231433640C002C87B1 /* Supporting Files */ = {
			isa = PBXGroup;
			children = (
				072AEA241433640C002C87B1 /* PersonDetails-Info.plist */,
				072AEA251433640C002C87B1 /* InfoPlist.strings */,
				072AEA281433640C002C87B1 /* main.m */,
				072AEA2A1433640C002C87B1 /* PersonDetails-Prefix.pch */,
			);
			name = "Supporting Files";
			sourceTree = "<group>";
		};
/* End PBXGroup section */

/* Begin PBXNativeTarget section */
		072AEA171433640C002C87B1 /* PersonDetails */ = {
			isa = PBXNativeTarget;
			buildConfigurationList = 072AEA361433640C002C87B1 /* Build configuration list for PBXNativeTarget "PersonDetails" */;
			buildPhases = (
				072AEA141433640C002C87B1 /* Sources */,
				072AEA151433640C002C87B1 /* Frameworks */,
				072AEA161433640C002C87B1 /* Resources */,
			);
			buildRules = (
			);
			dependencies = (
			);
			name = PersonDetails;
			productName = PersonDetails;
			productReference = 072AEA181433640C002C87B1 /* PersonDetails.app */;
			productType = "com.apple.product-type.application";
		};
/* End PBXNativeTarget section */

/* Begin PBXProject section */
		072AEA0F1433640C002C87B1 /* Project object */ = {
			isa = PBXProject;
			attributes = {
				LastUpgradeCheck = 0440;
				ORGANIZATIONNAME = "University of Plymouth";
			};
			buildConfigurationList = 072AEA121433640C002C87B1 /* Build configuration list for PBXProject "PersonDetails" */;
			compatibilityVersion = "Xcode 3.2";
			developmentRegion = English;
			hasScannedForEncodings = 0;
			knownRegions = (
				en,
			);
			mainGroup = 072AEA0D1433640C002C87B1;
			productRefGroup = 072AEA191433640C002C87B1 /* Products */;
			projectDirPath = "";
			projectRoot = "";
			targets = (
				072AEA171433640C002C87B1 /* PersonDetails */,
			);
		};
/* End PBXProject section */

/* Begin PBXResourcesBuildPhase section */
		072AEA161433640C002C87B1 /* Resources */ = {
			isa = PBXResourcesBuildPhase;
			buildActionMask = 2147483647;
			files = (
				072AEA271433640C002C87B1 /* InfoPlist.strings in Resources */,
				072AEA331433640C002C87B1 /* ViewController.xib in Resources */,
			);
			runOnlyForDeploymentPostprocessing = 0;
		};
/* End PBXResourcesBuildPhase section */

/* Begin PBXSourcesBuildPhase section */
		072AEA141433640C002C87B1 /* Sources */ = {
			isa = PBXSourcesBuildPhase;
			buildActionMask = 2147483647;
			files = (
				072AEA291433640C002C87B1 /* main.m in Sources */,
				072AEA2D1433640C002C87B1 /* AppDelegate.m in Sources */,
				072AEA301433640C002C87B1 /* ViewController.m in Sources */,
				072AEA3B14336466002C87B1 /* Person.m in Sources */,
			);
			runOnlyForDeploymentPostprocessing = 0;
		};
/* End PBXSourcesBuildPhase section */

/* Begin PBXVariantGroup section */
		072AEA251433640C002C87B1 /* InfoPlist.strings */ = {
			isa = PBXVariantGroup;
			children = (
				072AEA261433640C002C87B1 /* en */,
			);
			name = InfoPlist.strings;
			sourceTree = "<group>";
		};
		072AEA311433640C002C87B1 /* ViewController.xib */ = {
			isa = PBXVariantGroup;
			children = (
				072AEA321433640C002C87B1 /* en */,
			);
			name = ViewController.xib;
			sourceTree = "<group>";
		};
/* End PBXVariantGroup section */

/* Begin XCBuildConfiguration section */
		072AEA341433640C002C87B1 /* Debug */ = {
			isa = XCBuildConfiguration;
			buildSettings = {
				ALWAYS_SEARCH_USER_PATHS = NO;
				ARCHS = "$(ARCHS_STANDARD_32_BIT)";
				"CODE_SIGN_IDENTITY[sdk=iphoneos*]" = "iPhone Developer";
				COPY_PHASE_STRIP = NO;
				GCC_C_LANGUAGE_STANDARD = gnu99;
				GCC_DYNAMIC_NO_PIC = NO;
				GCC_OPTIMIZATION_LEVEL = 0;
				GCC_PREPROCESSOR_DEFINITIONS = (
					"DEBUG=1",
					"$(inherited)",
				);
				GCC_SYMBOLS_PRIVATE_EXTERN = NO;
				GCC_VERSION = com.apple.compilers.llvm.clang.1_0;
				GCC_WARN_ABOUT_MISSING_PROTOTYPES = YES;
				GCC_WARN_ABOUT_RETURN_TYPE = YES;
				GCC_WARN_UNUSED_VARIABLE = YES;
				IPHONEOS_DEPLOYMENT_TARGET = 5.0;
				SDKROOT = iphoneos;
			};
			name = Debug;
		};
		072AEA351433640C002C87B1 /* Release */ = {
			isa = XCBuildConfiguration;
			buildSettings = {
				ALWAYS_SEARCH_USER_PATHS = NO;
				ARCHS = "$(ARCHS_STANDARD_32_BIT)";
				"CODE_SIGN_IDENTITY[sdk=iphoneos*]" = "iPhone Developer";
				COPY_PHASE_STRIP = YES;
				GCC_C_LANGUAGE_STANDARD = gnu99;
				GCC_VERSION = com.apple.compilers.llvm.clang.1_0;
				GCC_WARN_ABOUT_MISSING_PROTOTYPES = YES;
				GCC_WARN_ABOUT_RETURN_TYPE = YES;
				GCC_WARN_UNUSED_VARIABLE = YES;
				IPHONEOS_DEPLOYMENT_TARGET = 5.0;
				OTHER_CFLAGS = "-DNS_BLOCK_ASSERTIONS=1";
				SDKROOT = iphoneos;
				VALIDATE_PRODUCT = YES;
			};
			name = Release;
		};
		072AEA371433640C002C87B1 /* Debug */ = {
			isa = XCBuildConfiguration;
			buildSettings = {
				GCC_PRECOMPILE_PREFIX_HEADER = YES;
				GCC_PREFIX_HEADER = "PersonDetails/PersonDetails-Prefix.pch";
				INFOPLIST_FILE = "PersonDetails/PersonDetails-Info.plist";
				PRODUCT_NAME = "$(TARGET_NAME)";
				WRAPPER_EXTENSION = app;
			};
			name = Debug;
		};
		072AEA381433640C002C87B1 /* Release */ = {
			isa = XCBuildConfiguration;
			buildSettings = {
				GCC_PRECOMPILE_PREFIX_HEADER = YES;
				GCC_PREFIX_HEADER = "PersonDetails/PersonDetails-Prefix.pch";
				INFOPLIST_FILE = "PersonDetails/PersonDetails-Info.plist";
				PRODUCT_NAME = "$(TARGET_NAME)";
				WRAPPER_EXTENSION = app;
			};
			name = Release;
		};
/* End XCBuildConfiguration section */

/* Begin XCConfigurationList section */
		072AEA121433640C002C87B1 /* Build configuration list for PBXProject "PersonDetails" */ = {
			isa = XCConfigurationList;
			buildConfigurations = (
				072AEA341433640C002C87B1 /* Debug */,
				072AEA351433640C002C87B1 /* Release */,
			);
			defaultConfigurationIsVisible = 0;
			defaultConfigurationName = Release;
		};
		072AEA361433640C002C87B1 /* Build configuration list for PBXNativeTarget "PersonDetails" */ = {
			isa = XCConfigurationList;
			buildConfigurations = (
				072AEA371433640C002C87B1 /* Debug */,
				072AEA381433640C002C87B1 /* Release */,
			);
			defaultConfigurationIsVisible = 0;
			defaultConfigurationName = Release;
		};
/* End XCConfigurationList section */
	};
	rootObject = 072AEA0F1433640C002C87B1 /* Project object */;
}
